// !$*UTF8*$!
{
	archiveVersion = 1;
	classes = {
	};
	objectVersion = 48;
	objects = {

/* Begin PBXBuildFile section */
		26870C19212088DC009C0BED /* AppDelegate.swift in Sources */ = {isa = PBXBuildFile; fileRef = 26870C18212088DC009C0BED /* AppDelegate.swift */; };
		26870C1B212088DC009C0BED /* ViewController.swift in Sources */ = {isa = PBXBuildFile; fileRef = 26870C1A212088DC009C0BED /* ViewController.swift */; };
		26870C1E212088DC009C0BED /* Main.storyboard in Resources */ = {isa = PBXBuildFile; fileRef = 26870C1C212088DC009C0BED /* Main.storyboard */; };
		26870C21212088DC009C0BED /* Quiz.xcdatamodeld in Sources */ = {isa = PBXBuildFile; fileRef = 26870C1F212088DC009C0BED /* Quiz.xcdatamodeld */; };
		26870C23212088DC009C0BED /* Assets.xcassets in Resources */ = {isa = PBXBuildFile; fileRef = 26870C22212088DC009C0BED /* Assets.xcassets */; };
		26870C26212088DC009C0BED /* LaunchScreen.storyboard in Resources */ = {isa = PBXBuildFile; fileRef = 26870C24212088DC009C0BED /* LaunchScreen.storyboard */; };
		26870C31212088DC009C0BED /* QuizTests.swift in Sources */ = {isa = PBXBuildFile; fileRef = 26870C30212088DC009C0BED /* QuizTests.swift */; };
		26870C3C212088DC009C0BED /* QuizUITests.swift in Sources */ = {isa = PBXBuildFile; fileRef = 26870C3B212088DC009C0BED /* QuizUITests.swift */; };
/* End PBXBuildFile section */

/* Begin PBXContainerItemProxy section */
		26870C2D212088DC009C0BED /* PBXContainerItemProxy */ = {
			isa = PBXContainerItemProxy;
			containerPortal = 26870C0D212088DB009C0BED /* Project object */;
			proxyType = 1;
			remoteGlobalIDString = 26870C14212088DB009C0BED;
			remoteInfo = Quiz;
		};
		26870C38212088DC009C0BED /* PBXContainerItemProxy */ = {
			isa = PBXContainerItemProxy;
			containerPortal = 26870C0D212088DB009C0BED /* Project object */;
			proxyType = 1;
			remoteGlobalIDString = 26870C14212088DB009C0BED;
			remoteInfo = Quiz;
		};
/* End PBXContainerItemProxy section */

/* Begin PBXFileReference section */
		26870C15212088DC009C0BED /* Quiz.app */ = {isa = PBXFileReference; explicitFileType = wrapper.application; includeInIndex = 0; path = Quiz.app; sourceTree = BUILT_PRODUCTS_DIR; };
		26870C18212088DC009C0BED /* AppDelegate.swift */ = {isa = PBXFileReference; lastKnownFileType = sourcecode.swift; path = AppDelegate.swift; sourceTree = "<group>"; };
		26870C1A212088DC009C0BED /* ViewController.swift */ = {isa = PBXFileReference; lastKnownFileType = sourcecode.swift; path = ViewController.swift; sourceTree = "<group>"; };
		26870C1D212088DC009C0BED /* Base */ = {isa = PBXFileReference; lastKnownFileType = file.storyboard; name = Base; path = Base.lproj/Main.storyboard; sourceTree = "<group>"; };
		26870C20212088DC009C0BED /* Quiz.xcdatamodel */ = {isa = PBXFileReference; lastKnownFileType = wrapper.xcdatamodel; path = Quiz.xcdatamodel; sourceTree = "<group>"; };
		26870C22212088DC009C0BED /* Assets.xcassets */ = {isa = PBXFileReference; lastKnownFileType = folder.assetcatalog; path = Assets.xcassets; sourceTree = "<group>"; };
		26870C25212088DC009C0BED /* Base */ = {isa = PBXFileReference; lastKnownFileType = file.storyboard; name = Base; path = Base.lproj/LaunchScreen.storyboard; sourceTree = "<group>"; };
		26870C27212088DC009C0BED /* Info.plist */ = {isa = PBXFileReference; lastKnownFileType = text.plist.xml; path = Info.plist; sourceTree = "<group>"; };
		26870C2C212088DC009C0BED /* QuizTests.xctest */ = {isa = PBXFileReference; explicitFileType = wrapper.cfbundle; includeInIndex = 0; path = QuizTests.xctest; sourceTree = BUILT_PRODUCTS_DIR; };
		26870C30212088DC009C0BED /* QuizTests.swift */ = {isa = PBXFileReference; lastKnownFileType = sourcecode.swift; path = QuizTests.swift; sourceTree = "<group>"; };
		26870C32212088DC009C0BED /* Info.plist */ = {isa = PBXFileReference; lastKnownFileType = text.plist.xml; path = Info.plist; sourceTree = "<group>"; };
		26870C37212088DC009C0BED /* QuizUITests.xctest */ = {isa = PBXFileReference; explicitFileType = wrapper.cfbundle; includeInIndex = 0; path = QuizUITests.xctest; sourceTree = BUILT_PRODUCTS_DIR; };
		26870C3B212088DC009C0BED /* QuizUITests.swift */ = {isa = PBXFileReference; lastKnownFileType = sourcecode.swift; path = QuizUITests.swift; sourceTree = "<group>"; };
		26870C3D212088DD009C0BED /* Info.plist */ = {isa = PBXFileReference; lastKnownFileType = text.plist.xml; path = Info.plist; sourceTree = "<group>"; };
/* End PBXFileReference section */

/* Begin PBXFrameworksBuildPhase section */
		26870C12212088DB009C0BED /* Frameworks */ = {
			isa = PBXFrameworksBuildPhase;
			buildActionMask = 2147483647;
			files = (
			);
			runOnlyForDeploymentPostprocessing = 0;
		};
		26870C29212088DC009C0BED /* Frameworks */ = {
			isa = PBXFrameworksBuildPhase;
			buildActionMask = 2147483647;
			files = (
			);
			runOnlyForDeploymentPostprocessing = 0;
		};
		26870C34212088DC009C0BED /* Frameworks */ = {
			isa = PBXFrameworksBuildPhase;
			buildActionMask = 2147483647;
			files = (
			);
			runOnlyForDeploymentPostprocessing = 0;
		};
/* End PBXFrameworksBuildPhase section */

/* Begin PBXGroup section */
		26870C0C212088DB009C0BED = {
			isa = PBXGroup;
			children = (
				26870C17212088DC009C0BED /* Quiz */,
				26870C2F212088DC009C0BED /* QuizTests */,
				26870C3A212088DC009C0BED /* QuizUITests */,
				26870C16212088DC009C0BED /* Products */,
			);
			sourceTree = "<group>";
		};
		26870C16212088DC009C0BED /* Products */ = {
			isa = PBXGroup;
			children = (
				26870C15212088DC009C0BED /* Quiz.app */,
				26870C2C212088DC009C0BED /* QuizTests.xctest */,
				26870C37212088DC009C0BED /* QuizUITests.xctest */,
			);
			name = Products;
			sourceTree = "<group>";
		};
		26870C17212088DC009C0BED /* Quiz */ = {
			isa = PBXGroup;
			children = (
				26870C18212088DC009C0BED /* AppDelegate.swift */,
				26870C1A212088DC009C0BED /* ViewController.swift */,
				26870C1C212088DC009C0BED /* Main.storyboard */,
				26870C22212088DC009C0BED /* Assets.xcassets */,
				26870C24212088DC009C0BED /* LaunchScreen.storyboard */,
				26870C27212088DC009C0BED /* Info.plist */,
				26870C1F212088DC009C0BED /* Quiz.xcdatamodeld */,
			);
			path = Quiz;
			sourceTree = "<group>";
		};
		26870C2F212088DC009C0BED /* QuizTests */ = {
			isa = PBXGroup;
			children = (
				26870C30212088DC009C0BED /* QuizTests.swift */,
				26870C32212088DC009C0BED /* Info.plist */,
			);
			path = QuizTests;
			sourceTree = "<group>";
		};
		26870C3A212088DC009C0BED /* QuizUITests */ = {
			isa = PBXGroup;
			children = (
				26870C3B212088DC009C0BED /* QuizUITests.swift */,
				26870C3D212088DD009C0BED /* Info.plist */,
			);
			path = QuizUITests;
			sourceTree = "<group>";
		};
/* End PBXGroup section */

/* Begin PBXNativeTarget section */
		26870C14212088DB009C0BED /* Quiz */ = {
			isa = PBXNativeTarget;
			buildConfigurationList = 26870C40212088DD009C0BED /* Build configuration list for PBXNativeTarget "Quiz" */;
			buildPhases = (
				26870C11212088DB009C0BED /* Sources */,
				26870C12212088DB009C0BED /* Frameworks */,
				26870C13212088DB009C0BED /* Resources */,
			);
			buildRules = (
			);
			dependencies = (
			);
			name = Quiz;
			productName = Quiz;
			productReference = 26870C15212088DC009C0BED /* Quiz.app */;
			productType = "com.apple.product-type.application";
		};
		26870C2B212088DC009C0BED /* QuizTests */ = {
			isa = PBXNativeTarget;
			buildConfigurationList = 26870C43212088DD009C0BED /* Build configuration list for PBXNativeTarget "QuizTests" */;
			buildPhases = (
				26870C28212088DC009C0BED /* Sources */,
				26870C29212088DC009C0BED /* Frameworks */,
				26870C2A212088DC009C0BED /* Resources */,
			);
			buildRules = (
			);
			dependencies = (
				26870C2E212088DC009C0BED /* PBXTargetDependency */,
			);
			name = QuizTests;
			productName = QuizTests;
			productReference = 26870C2C212088DC009C0BED /* QuizTests.xctest */;
			productType = "com.apple.product-type.bundle.unit-test";
		};
		26870C36212088DC009C0BED /* QuizUITests */ = {
			isa = PBXNativeTarget;
			buildConfigurationList = 26870C46212088DD009C0BED /* Build configuration list for PBXNativeTarget "QuizUITests" */;
			buildPhases = (
				26870C33212088DC009C0BED /* Sources */,
				26870C34212088DC009C0BED /* Frameworks */,
				26870C35212088DC009C0BED /* Resources */,
			);
			buildRules = (
			);
			dependencies = (
				26870C39212088DC009C0BED /* PBXTargetDependency */,
			);
			name = QuizUITests;
			productName = QuizUITests;
			productReference = 26870C37212088DC009C0BED /* QuizUITests.xctest */;
			productType = "com.apple.product-type.bundle.ui-testing";
		};
/* End PBXNativeTarget section */

/* Begin PBXProject section */
		26870C0D212088DB009C0BED /* Project object */ = {
			isa = PBXProject;
			attributes = {
				LastSwiftUpdateCheck = 0920;
				LastUpgradeCheck = 0920;
				ORGANIZATIONNAME = "Brock Morrison";
				TargetAttributes = {
					26870C14212088DB009C0BED = {
						CreatedOnToolsVersion = 9.2;
						ProvisioningStyle = Automatic;
					};
					26870C2B212088DC009C0BED = {
						CreatedOnToolsVersion = 9.2;
						ProvisioningStyle = Automatic;
						TestTargetID = 26870C14212088DB009C0BED;
					};
					26870C36212088DC009C0BED = {
						CreatedOnToolsVersion = 9.2;
						ProvisioningStyle = Automatic;
						TestTargetID = 26870C14212088DB009C0BED;
					};
				};
			};
			buildConfigurationList = 26870C10212088DB009C0BED /* Build configuration list for PBXProject "Quiz" */;
			compatibilityVersion = "Xcode 8.0";
			developmentRegion = en;
			hasScannedForEncodings = 0;
			knownRegions = (
				en,
				Base,
			);
			mainGroup = 26870C0C212088DB009C0BED;
			productRefGroup = 26870C16212088DC009C0BED /* Products */;
			projectDirPath = "";
			projectRoot = "";
			targets = (
				26870C14212088DB009C0BED /* Quiz */,
				26870C2B212088DC009C0BED /* QuizTests */,
				26870C36212088DC009C0BED /* QuizUITests */,
			);
		};
/* End PBXProject section */

/* Begin PBXResourcesBuildPhase section */
		26870C13212088DB009C0BED /* Resources */ = {
			isa = PBXResourcesBuildPhase;
			buildActionMask = 2147483647;
			files = (
				26870C26212088DC009C0BED /* LaunchScreen.storyboard in Resources */,
				26870C23212088DC009C0BED /* Assets.xcassets in Resources */,
				26870C1E212088DC009C0BED /* Main.storyboard in Resources */,
			);
			runOnlyForDeploymentPostprocessing = 0;
		};
		26870C2A212088DC009C0BED /* Resources */ = {
			isa = PBXResourcesBuildPhase;
			buildActionMask = 2147483647;
			files = (
			);
			runOnlyForDeploymentPostprocessing = 0;
		};
		26870C35212088DC009C0BED /* Resources */ = {
			isa = PBXResourcesBuildPhase;
			buildActionMask = 2147483647;
			files = (
			);
			runOnlyForDeploymentPostprocessing = 0;
		};
/* End PBXResourcesBuildPhase section */

/* Begin PBXSourcesBuildPhase section */
		26870C11212088DB009C0BED /* Sources */ = {
			isa = PBXSourcesBuildPhase;
			buildActionMask = 2147483647;
			files = (
				26870C1B212088DC009C0BED /* ViewController.swift in Sources */,
				26870C21212088DC009C0BED /* Quiz.xcdatamodeld in Sources */,
				26870C19212088DC009C0BED /* AppDelegate.swift in Sources */,
			);
			runOnlyForDeploymentPostprocessing = 0;
		};
		26870C28212088DC009C0BED /* Sources */ = {
			isa = PBXSourcesBuildPhase;
			buildActionMask = 2147483647;
			files = (
				26870C31212088DC009C0BED /* QuizTests.swift in Sources */,
			);
			runOnlyForDeploymentPostprocessing = 0;
		};
		26870C33212088DC009C0BED /* Sources */ = {
			isa = PBXSourcesBuildPhase;
			buildActionMask = 2147483647;
			files = (
				26870C3C212088DC009C0BED /* QuizUITests.swift in Sources */,
			);
			runOnlyForDeploymentPostprocessing = 0;
		};
/* End PBXSourcesBuildPhase section */

/* Begin PBXTargetDependency section */
		26870C2E212088DC009C0BED /* PBXTargetDependency */ = {
			isa = PBXTargetDependency;
			target = 26870C14212088DB009C0BED /* Quiz */;
			targetProxy = 26870C2D212088DC009C0BED /* PBXContainerItemProxy */;
		};
		26870C39212088DC009C0BED /* PBXTargetDependency */ = {
			isa = PBXTargetDependency;
			target = 26870C14212088DB009C0BED /* Quiz */;
			targetProxy = 26870C38212088DC009C0BED /* PBXContainerItemProxy */;
		};
/* End PBXTargetDependency section */

/* Begin PBXVariantGroup section */
		26870C1C212088DC009C0BED /* Main.storyboard */ = {
			isa = PBXVariantGroup;
			children = (
				26870C1D212088DC009C0BED /* Base */,
			);
			name = Main.storyboard;
			sourceTree = "<group>";
		};
		26870C24212088DC009C0BED /* LaunchScreen.storyboard */ = {
			isa = PBXVariantGroup;
			children = (
				26870C25212088DC009C0BED /* Base */,
			);
			name = LaunchScreen.storyboard;
			sourceTree = "<group>";
		};
/* End PBXVariantGroup section */

/* Begin XCBuildConfiguration section */
		26870C3E212088DD009C0BED /* Debug */ = {
			isa = XCBuildConfiguration;
			buildSettings = {
				ALWAYS_SEARCH_USER_PATHS = NO;
				CLANG_ANALYZER_NONNULL = YES;
				CLANG_ANALYZER_NUMBER_OBJECT_CONVERSION = YES_AGGRESSIVE;
				CLANG_CXX_LANGUAGE_STANDARD = "gnu++14";
				CLANG_CXX_LIBRARY = "libc++";
				CLANG_ENABLE_MODULES = YES;
				CLANG_ENABLE_OBJC_ARC = YES;
				CLANG_WARN_BLOCK_CAPTURE_AUTORELEASING = YES;
				CLANG_WARN_BOOL_CONVERSION = YES;
				CLANG_WARN_COMMA = YES;
				CLANG_WARN_CONSTANT_CONVERSION = YES;
				CLANG_WARN_DIRECT_OBJC_ISA_USAGE = YES_ERROR;
				CLANG_WARN_DOCUMENTATION_COMMENTS = YES;
				CLANG_WARN_EMPTY_BODY = YES;
				CLANG_WARN_ENUM_CONVERSION = YES;
				CLANG_WARN_INFINITE_RECURSION = YES;
				CLANG_WARN_INT_CONVERSION = YES;
				CLANG_WARN_NON_LITERAL_NULL_CONVERSION = YES;
				CLANG_WARN_OBJC_LITERAL_CONVERSION = YES;
				CLANG_WARN_OBJC_ROOT_CLASS = YES_ERROR;
				CLANG_WARN_RANGE_LOOP_ANALYSIS = YES;
				CLANG_WARN_STRICT_PROTOTYPES = YES;
				CLANG_WARN_SUSPICIOUS_MOVE = YES;
				CLANG_WARN_UNGUARDED_AVAILABILITY = YES_AGGRESSIVE;
				CLANG_WARN_UNREACHABLE_CODE = YES;
				CLANG_WARN__DUPLICATE_METHOD_MATCH = YES;
				CODE_SIGN_IDENTITY = "iPhone Developer";
				COPY_PHASE_STRIP = NO;
				DEBUG_INFORMATION_FORMAT = dwarf;
				ENABLE_STRICT_OBJC_MSGSEND = YES;
				ENABLE_TESTABILITY = YES;
				GCC_C_LANGUAGE_STANDARD = gnu11;
				GCC_DYNAMIC_NO_PIC = NO;
				GCC_NO_COMMON_BLOCKS = YES;
				GCC_OPTIMIZATION_LEVEL = 0;
				GCC_PREPROCESSOR_DEFINITIONS = (
					"DEBUG=1",
					"$(inherited)",
				);
				GCC_WARN_64_TO_32_BIT_CONVERSION = YES;
				GCC_WARN_ABOUT_RETURN_TYPE = YES_ERROR;
				GCC_WARN_UNDECLARED_SELECTOR = YES;
				GCC_WARN_UNINITIALIZED_AUTOS = YES_AGGRESSIVE;
				GCC_WARN_UNUSED_FUNCTION = YES;
				GCC_WARN_UNUSED_VARIABLE = YES;
				IPHONEOS_DEPLOYMENT_TARGET = 11.2;
				MTL_ENABLE_DEBUG_INFO = YES;
				ONLY_ACTIVE_ARCH = YES;
				SDKROOT = iphoneos;
				SWIFT_ACTIVE_COMPILATION_CONDITIONS = DEBUG;
				SWIFT_OPTIMIZATION_LEVEL = "-Onone";
			};
			name = Debug;
		};
		26870C3F212088DD009C0BED /* Release */ = {
			isa = XCBuildConfiguration;
			buildSettings = {
				ALWAYS_SEARCH_USER_PATHS = NO;
				CLANG_ANALYZER_NONNULL = YES;
				CLANG_ANALYZER_NUMBER_OBJECT_CONVERSION = YES_AGGRESSIVE;
				CLANG_CXX_LANGUAGE_STANDARD = "gnu++14";
				CLANG_CXX_LIBRARY = "libc++";
				CLANG_ENABLE_MODULES = YES;
				CLANG_ENABLE_OBJC_ARC = YES;
				CLANG_WARN_BLOCK_CAPTURE_AUTORELEASING = YES;
				CLANG_WARN_BOOL_CONVERSION = YES;
				CLANG_WARN_COMMA = YES;
				CLANG_WARN_CONSTANT_CONVERSION = YES;
				CLANG_WARN_DIRECT_OBJC_ISA_USAGE = YES_ERROR;
				CLANG_WARN_DOCUMENTATION_COMMENTS = YES;
				CLANG_WARN_EMPTY_BODY = YES;
				CLANG_WARN_ENUM_CONVERSION = YES;
				CLANG_WARN_INFINITE_RECURSION = YES;
				CLANG_WARN_INT_CONVERSION = YES;
				CLANG_WARN_NON_LITERAL_NULL_CONVERSION = YES;
				CLANG_WARN_OBJC_LITERAL_CONVERSION = YES;
				CLANG_WARN_OBJC_ROOT_CLASS = YES_ERROR;
				CLANG_WARN_RANGE_LOOP_ANALYSIS = YES;
				CLANG_WARN_STRICT_PROTOTYPES = YES;
				CLANG_WARN_SUSPICIOUS_MOVE = YES;
				CLANG_WARN_UNGUARDED_AVAILABILITY = YES_AGGRESSIVE;
				CLANG_WARN_UNREACHABLE_CODE = YES;
				CLANG_WARN__DUPLICATE_METHOD_MATCH = YES;
				CODE_SIGN_IDENTITY = "iPhone Developer";
				COPY_PHASE_STRIP = NO;
				DEBUG_INFORMATION_FORMAT = "dwarf-with-dsym";
				ENABLE_NS_ASSERTIONS = NO;
				ENABLE_STRICT_OBJC_MSGSEND = YES;
				GCC_C_LANGUAGE_STANDARD = gnu11;
				GCC_NO_COMMON_BLOCKS = YES;
				GCC_WARN_64_TO_32_BIT_CONVERSION = YES;
				GCC_WARN_ABOUT_RETURN_TYPE = YES_ERROR;
				GCC_WARN_UNDECLARED_SELECTOR = YES;
				GCC_WARN_UNINITIALIZED_AUTOS = YES_AGGRESSIVE;
				GCC_WARN_UNUSED_FUNCTION = YES;
				GCC_WARN_UNUSED_VARIABLE = YES;
				IPHONEOS_DEPLOYMENT_TARGET = 11.2;
				MTL_ENABLE_DEBUG_INFO = NO;
				SDKROOT = iphoneos;
				SWIFT_OPTIMIZATION_LEVEL = "-Owholemodule";
				VALIDATE_PRODUCT = YES;
			};
			name = Release;
		};
		26870C41212088DD009C0BED /* Debug */ = {
			isa = XCBuildConfiguration;
			buildSettings = {
				ASSETCATALOG_COMPILER_APPICON_NAME = AppIcon;
				CODE_SIGN_STYLE = Automatic;
				INFOPLIST_FILE = Quiz/Info.plist;
				LD_RUNPATH_SEARCH_PATHS = "$(inherited) @executable_path/Frameworks";
				PRODUCT_BUNDLE_IDENTIFIER = "brockMorrison-com.github.Quiz";
				PRODUCT_NAME = "$(TARGET_NAME)";
				SWIFT_VERSION = 4.0;
				TARGETED_DEVICE_FAMILY = "1,2";
			};
			name = Debug;
		};
		26870C42212088DD009C0BED /* Release */ = {
			isa = XCBuildConfiguration;
			buildSettings = {
				ASSETCATALOG_COMPILER_APPICON_NAME = AppIcon;
				CODE_SIGN_STYLE = Automatic;
				INFOPLIST_FILE = Quiz/Info.plist;
				LD_RUNPATH_SEARCH_PATHS = "$(inherited) @executable_path/Frameworks";
				PRODUCT_BUNDLE_IDENTIFIER = "brockMorrison-com.github.Quiz";
				PRODUCT_NAME = "$(TARGET_NAME)";
				SWIFT_VERSION = 4.0;
				TARGETED_DEVICE_FAMILY = "1,2";
			};
			name = Release;
		};
		26870C44212088DD009C0BED /* Debug */ = {
			isa = XCBuildConfiguration;
			buildSettings = {
				ALWAYS_EMBED_SWIFT_STANDARD_LIBRARIES = YES;
				BUNDLE_LOADER = "$(TEST_HOST)";
				CODE_SIGN_STYLE = Automatic;
				INFOPLIST_FILE = QuizTests/Info.plist;
				LD_RUNPATH_SEARCH_PATHS = "$(inherited) @executable_path/Frameworks @loader_path/Frameworks";
				PRODUCT_BUNDLE_IDENTIFIER = "brockMorrison-com.github.QuizTests";
				PRODUCT_NAME = "$(TARGET_NAME)";
				SWIFT_VERSION = 4.0;
				TARGETED_DEVICE_FAMILY = "1,2";
				TEST_HOST = "$(BUILT_PRODUCTS_DIR)/Quiz.app/Quiz";
			};
			name = Debug;
		};
		26870C45212088DD009C0BED /* Release */ = {
			isa = XCBuildConfiguration;
			buildSettings = {
				ALWAYS_EMBED_SWIFT_STANDARD_LIBRARIES = YES;
				BUNDLE_LOADER = "$(TEST_HOST)";
				CODE_SIGN_STYLE = Automatic;
				INFOPLIST_FILE = QuizTests/Info.plist;
				LD_RUNPATH_SEARCH_PATHS = "$(inherited) @executable_path/Frameworks @loader_path/Frameworks";
				PRODUCT_BUNDLE_IDENTIFIER = "brockMorrison-com.github.QuizTests";
				PRODUCT_NAME = "$(TARGET_NAME)";
				SWIFT_VERSION = 4.0;
				TARGETED_DEVICE_FAMILY = "1,2";
				TEST_HOST = "$(BUILT_PRODUCTS_DIR)/Quiz.app/Quiz";
			};
			name = Release;
		};
		26870C47212088DD009C0BED /* Debug */ = {
			isa = XCBuildConfiguration;
			buildSettings = {
				ALWAYS_EMBED_SWIFT_STANDARD_LIBRARIES = YES;
				CODE_SIGN_STYLE = Automatic;
				INFOPLIST_FILE = QuizUITests/Info.plist;
				LD_RUNPATH_SEARCH_PATHS = "$(inherited) @executable_path/Frameworks @loader_path/Frameworks";
				PRODUCT_BUNDLE_IDENTIFIER = "brockMorrison-com.github.QuizUITests";
				PRODUCT_NAME = "$(TARGET_NAME)";
				SWIFT_VERSION = 4.0;
				TARGETED_DEVICE_FAMILY = "1,2";
				TEST_TARGET_NAME = Quiz;
			};
			name = Debug;
		};
		26870C48212088DD009C0BED /* Release */ = {
			isa = XCBuildConfiguration;
			buildSettings = {
				ALWAYS_EMBED_SWIFT_STANDARD_LIBRARIES = YES;
				CODE_SIGN_STYLE = Automatic;
				INFOPLIST_FILE = QuizUITests/Info.plist;
				LD_RUNPATH_SEARCH_PATHS = "$(inherited) @executable_path/Frameworks @loader_path/Frameworks";
				PRODUCT_BUNDLE_IDENTIFIER = "brockMorrison-com.github.QuizUITests";
				PRODUCT_NAME = "$(TARGET_NAME)";
				SWIFT_VERSION = 4.0;
				TARGETED_DEVICE_FAMILY = "1,2";
				TEST_TARGET_NAME = Quiz;
			};
			name = Release;
		};
/* End XCBuildConfiguration section */

/* Begin XCConfigurationList section */
		26870C10212088DB009C0BED /* Build configuration list for PBXProject "Quiz" */ = {
			isa = XCConfigurationList;
			buildConfigurations = (
				26870C3E212088DD009C0BED /* Debug */,
				26870C3F212088DD009C0BED /* Release */,
			);
			defaultConfigurationIsVisible = 0;
			defaultConfigurationName = Release;
		};
		26870C40212088DD009C0BED /* Build configuration list for PBXNativeTarget "Quiz" */ = {
			isa = XCConfigurationList;
			buildConfigurations = (
				26870C41212088DD009C0BED /* Debug */,
				26870C42212088DD009C0BED /* Release */,
			);
			defaultConfigurationIsVisible = 0;
			defaultConfigurationName = Release;
		};
		26870C43212088DD009C0BED /* Build configuration list for PBXNativeTarget "QuizTests" */ = {
			isa = XCConfigurationList;
			buildConfigurations = (
				26870C44212088DD009C0BED /* Debug */,
				26870C45212088DD009C0BED /* Release */,
			);
			defaultConfigurationIsVisible = 0;
			defaultConfigurationName = Release;
		};
		26870C46212088DD009C0BED /* Build configuration list for PBXNativeTarget "QuizUITests" */ = {
			isa = XCConfigurationList;
			buildConfigurations = (
				26870C47212088DD009C0BED /* Debug */,
				26870C48212088DD009C0BED /* Release */,
			);
			defaultConfigurationIsVisible = 0;
			defaultConfigurationName = Release;
		};
/* End XCConfigurationList section */

/* Begin XCVersionGroup section */
		26870C1F212088DC009C0BED /* Quiz.xcdatamodeld */ = {
			isa = XCVersionGroup;
			children = (
				26870C20212088DC009C0BED /* Quiz.xcdatamodel */,
			);
			currentVersion = 26870C20212088DC009C0BED /* Quiz.xcdatamodel */;
			path = Quiz.xcdatamodeld;
			sourceTree = "<group>";
			versionGroupType = wrapper.xcdatamodel;
		};
/* End XCVersionGroup section */
	};
	rootObject = 26870C0D212088DB009C0BED /* Project object */;
}
